{
  "version": "5",
  "specifiers": {
    "npm:deno-test@1.0.1": "1.0.1",
    "npm:yaml@2": "2.8.3"
  },
  "npm": {
    "@deno/shim-deno-test@0.5.0": {
      "integrity": "sha512-4nMhecpGlPi0cSzT67L+Tm+GOJqvuk8gqHBziqcUQOarnuIax1z96/gJHCSIz2Z0zhxE6Rzwb3IZXPtFh51j+w=="
    },
    "deno-test@1.0.1": {
      "integrity": "sha512-H7aPPnYxg5u/FMt1wfDpmCpwDBFmg9uzmiMmgZOOZWOKJHEaKgZk+OtVdDxyYspXKxFe6MsN5IlUNMNipFJRGg==",
      "dependencies": [
        "@deno/shim-deno-test"
      ],
      "bin": true
    },
    "yaml@2.8.3": {
      "integrity": "sha512-AvbaCLOO2Otw/lW5bmh9d/WEdcDFdQp2Z2ZUH3pX9U2ihyUY0nvLv7J6TrWowklRGPYbB/IuIMfYgxaCPg5Bpg==",
      "bin": true
    }
  },
  "workspace": {
    "dependencies": [
      "npm:deno-test@1.0.1",
      "npm:yaml@2"
    ]
  }
}
